// !$*UTF8*$!
{
	archiveVersion = 1;
	classes = {
	};
	objectVersion = 46;
	objects = {

/* Begin PBXBuildFile section */
		8C456B2561AC37F017DA4540 /* Pods_Breezy.framework in Frameworks */ = {isa = PBXBuildFile; fileRef = EB84D7D484F4D39031AFADDB /* Pods_Breezy.framework */; settings = {ATTRIBUTES = (Weak, ); }; };
		AA328DF31BD064AD00ECFAAC /* Credentials.swift in Sources */ = {isa = PBXBuildFile; fileRef = AA328DF21BD064AD00ECFAAC /* Credentials.swift */; settings = {ASSET_TAGS = (); }; };
		AA67199D1BD4559200C911BF /* DummyViewController.swift in Sources */ = {isa = PBXBuildFile; fileRef = AA67199B1BD4559200C911BF /* DummyViewController.swift */; settings = {ASSET_TAGS = (); }; };
		AA67199E1BD4559200C911BF /* DummyViewController.xib in Resources */ = {isa = PBXBuildFile; fileRef = AA67199C1BD4559200C911BF /* DummyViewController.xib */; settings = {ASSET_TAGS = (); }; };
		AAADA9F31BD4261E00715557 /* PlacePredictionCell.swift in Sources */ = {isa = PBXBuildFile; fileRef = AAADA9F11BD4261E00715557 /* PlacePredictionCell.swift */; settings = {ASSET_TAGS = (); }; };
		AAADA9F41BD4261E00715557 /* PlacePredictionCell.xib in Resources */ = {isa = PBXBuildFile; fileRef = AAADA9F21BD4261E00715557 /* PlacePredictionCell.xib */; settings = {ASSET_TAGS = (); }; };
		AAADA9F71BD4267D00715557 /* PlaceLookupViewController.swift in Sources */ = {isa = PBXBuildFile; fileRef = AAADA9F51BD4267D00715557 /* PlaceLookupViewController.swift */; settings = {ASSET_TAGS = (); }; };
		AAADA9F81BD4267D00715557 /* PlaceLookupViewController.xib in Resources */ = {isa = PBXBuildFile; fileRef = AAADA9F61BD4267D00715557 /* PlaceLookupViewController.xib */; settings = {ASSET_TAGS = (); }; };
		AAD3B6B31BCCA08E008FBC01 /* AppDelegate.swift in Sources */ = {isa = PBXBuildFile; fileRef = AAD3B6B21BCCA08E008FBC01 /* AppDelegate.swift */; };
		AAD3B6B51BCCA08E008FBC01 /* ViewController.swift in Sources */ = {isa = PBXBuildFile; fileRef = AAD3B6B41BCCA08E008FBC01 /* ViewController.swift */; };
		AAD3B6B81BCCA08E008FBC01 /* Main.storyboard in Resources */ = {isa = PBXBuildFile; fileRef = AAD3B6B61BCCA08E008FBC01 /* Main.storyboard */; };
		AAD3B6BB1BCCA08E008FBC01 /* Breezy.xcdatamodeld in Sources */ = {isa = PBXBuildFile; fileRef = AAD3B6B91BCCA08E008FBC01 /* Breezy.xcdatamodeld */; };
		AAD3B6BD1BCCA08E008FBC01 /* Assets.xcassets in Resources */ = {isa = PBXBuildFile; fileRef = AAD3B6BC1BCCA08E008FBC01 /* Assets.xcassets */; };
		AAD3B6C01BCCA08E008FBC01 /* LaunchScreen.storyboard in Resources */ = {isa = PBXBuildFile; fileRef = AAD3B6BE1BCCA08E008FBC01 /* LaunchScreen.storyboard */; };
		CB1262081BD4555500BA11A7 /* crazyViewController.swift in Sources */ = {isa = PBXBuildFile; fileRef = CB1262071BD4555500BA11A7 /* crazyViewController.swift */; settings = {ASSET_TAGS = (); }; };
		CBAED2FF1BD1DC83001993E3 /* TripCell.swift in Sources */ = {isa = PBXBuildFile; fileRef = CBAED2FD1BD1DC83001993E3 /* TripCell.swift */; settings = {ASSET_TAGS = (); }; };
		CBAED3001BD1DC83001993E3 /* TripCell.xib in Resources */ = {isa = PBXBuildFile; fileRef = CBAED2FE1BD1DC83001993E3 /* TripCell.xib */; settings = {ASSET_TAGS = (); }; };
		CBAED3051BD1DCA8001993E3 /* TripsViewController.swift in Sources */ = {isa = PBXBuildFile; fileRef = CBAED3031BD1DCA8001993E3 /* TripsViewController.swift */; settings = {ASSET_TAGS = (); }; };
		CBAED3061BD1DCA8001993E3 /* TripsViewController.xib in Resources */ = {isa = PBXBuildFile; fileRef = CBAED3041BD1DCA8001993E3 /* TripsViewController.xib */; settings = {ASSET_TAGS = (); }; };
		CBAED3091BD1DD01001993E3 /* NewTripViewController.swift in Sources */ = {isa = PBXBuildFile; fileRef = CBAED3071BD1DD01001993E3 /* NewTripViewController.swift */; settings = {ASSET_TAGS = (); }; };
		CBAED30A1BD1DD01001993E3 /* NewTripViewController.xib in Resources */ = {isa = PBXBuildFile; fileRef = CBAED3081BD1DD01001993E3 /* NewTripViewController.xib */; settings = {ASSET_TAGS = (); }; };
		CBAED3111BD1DFE8001993E3 /* AddTripCell.swift in Sources */ = {isa = PBXBuildFile; fileRef = CBAED30F1BD1DFE8001993E3 /* AddTripCell.swift */; settings = {ASSET_TAGS = (); }; };
		CBAED3121BD1DFE8001993E3 /* AddTripCell.xib in Resources */ = {isa = PBXBuildFile; fileRef = CBAED3101BD1DFE8001993E3 /* AddTripCell.xib */; settings = {ASSET_TAGS = (); }; };
		DE35ABA11BD44B0E00FD4035 /* AppData.plist in Resources */ = {isa = PBXBuildFile; fileRef = DE35ABA01BD44B0E00FD4035 /* AppData.plist */; settings = {ASSET_TAGS = (); }; };
		DE35ABA41BD44C4800FD4035 /* Place.swift in Sources */ = {isa = PBXBuildFile; fileRef = DE35ABA31BD44C4800FD4035 /* Place.swift */; settings = {ASSET_TAGS = (); }; };
		DE35ABA61BD44C7400FD4035 /* User.swift in Sources */ = {isa = PBXBuildFile; fileRef = DE35ABA51BD44C7400FD4035 /* User.swift */; settings = {ASSET_TAGS = (); }; };
		DE35ABA81BD44CFA00FD4035 /* Credentials.plist in Resources */ = {isa = PBXBuildFile; fileRef = DE35ABA71BD44CFA00FD4035 /* Credentials.plist */; settings = {ASSET_TAGS = (); }; };
/* End PBXBuildFile section */

/* Begin PBXFileReference section */
		AA328DF21BD064AD00ECFAAC /* Credentials.swift */ = {isa = PBXFileReference; fileEncoding = 4; lastKnownFileType = sourcecode.swift; path = Credentials.swift; sourceTree = "<group>"; };
		AA67199B1BD4559200C911BF /* DummyViewController.swift */ = {isa = PBXFileReference; fileEncoding = 4; lastKnownFileType = sourcecode.swift; path = DummyViewController.swift; sourceTree = "<group>"; };
		AA67199C1BD4559200C911BF /* DummyViewController.xib */ = {isa = PBXFileReference; fileEncoding = 4; lastKnownFileType = file.xib; path = DummyViewController.xib; sourceTree = "<group>"; };
		AAADA9F11BD4261E00715557 /* PlacePredictionCell.swift */ = {isa = PBXFileReference; fileEncoding = 4; lastKnownFileType = sourcecode.swift; path = PlacePredictionCell.swift; sourceTree = "<group>"; };
		AAADA9F21BD4261E00715557 /* PlacePredictionCell.xib */ = {isa = PBXFileReference; fileEncoding = 4; lastKnownFileType = file.xib; path = PlacePredictionCell.xib; sourceTree = "<group>"; };
		AAADA9F51BD4267D00715557 /* PlaceLookupViewController.swift */ = {isa = PBXFileReference; fileEncoding = 4; lastKnownFileType = sourcecode.swift; path = PlaceLookupViewController.swift; sourceTree = "<group>"; };
		AAADA9F61BD4267D00715557 /* PlaceLookupViewController.xib */ = {isa = PBXFileReference; fileEncoding = 4; lastKnownFileType = file.xib; path = PlaceLookupViewController.xib; sourceTree = "<group>"; };
		AAD3B6AF1BCCA08E008FBC01 /* Breezy.app */ = {isa = PBXFileReference; explicitFileType = wrapper.application; includeInIndex = 0; path = Breezy.app; sourceTree = BUILT_PRODUCTS_DIR; };
		AAD3B6B21BCCA08E008FBC01 /* AppDelegate.swift */ = {isa = PBXFileReference; lastKnownFileType = sourcecode.swift; path = AppDelegate.swift; sourceTree = "<group>"; };
		AAD3B6B41BCCA08E008FBC01 /* ViewController.swift */ = {isa = PBXFileReference; lastKnownFileType = sourcecode.swift; path = ViewController.swift; sourceTree = "<group>"; };
		AAD3B6B71BCCA08E008FBC01 /* Base */ = {isa = PBXFileReference; lastKnownFileType = file.storyboard; name = Base; path = Base.lproj/Main.storyboard; sourceTree = "<group>"; };
		AAD3B6BA1BCCA08E008FBC01 /* Breezy.xcdatamodel */ = {isa = PBXFileReference; lastKnownFileType = wrapper.xcdatamodel; path = Breezy.xcdatamodel; sourceTree = "<group>"; };
		AAD3B6BC1BCCA08E008FBC01 /* Assets.xcassets */ = {isa = PBXFileReference; lastKnownFileType = folder.assetcatalog; path = Assets.xcassets; sourceTree = "<group>"; };
		AAD3B6BF1BCCA08E008FBC01 /* Base */ = {isa = PBXFileReference; lastKnownFileType = file.storyboard; name = Base; path = Base.lproj/LaunchScreen.storyboard; sourceTree = "<group>"; };
		AAD3B6C11BCCA08E008FBC01 /* Info.plist */ = {isa = PBXFileReference; lastKnownFileType = text.plist.xml; path = Info.plist; sourceTree = "<group>"; };
		CB1262071BD4555500BA11A7 /* crazyViewController.swift */ = {isa = PBXFileReference; fileEncoding = 4; lastKnownFileType = sourcecode.swift; path = crazyViewController.swift; sourceTree = "<group>"; };
		CBAED2FD1BD1DC83001993E3 /* TripCell.swift */ = {isa = PBXFileReference; fileEncoding = 4; lastKnownFileType = sourcecode.swift; path = TripCell.swift; sourceTree = "<group>"; };
		CBAED2FE1BD1DC83001993E3 /* TripCell.xib */ = {isa = PBXFileReference; fileEncoding = 4; lastKnownFileType = file.xib; path = TripCell.xib; sourceTree = "<group>"; };
		CBAED3031BD1DCA8001993E3 /* TripsViewController.swift */ = {isa = PBXFileReference; fileEncoding = 4; lastKnownFileType = sourcecode.swift; path = TripsViewController.swift; sourceTree = "<group>"; };
		CBAED3041BD1DCA8001993E3 /* TripsViewController.xib */ = {isa = PBXFileReference; fileEncoding = 4; lastKnownFileType = file.xib; path = TripsViewController.xib; sourceTree = "<group>"; };
		CBAED3071BD1DD01001993E3 /* NewTripViewController.swift */ = {isa = PBXFileReference; fileEncoding = 4; lastKnownFileType = sourcecode.swift; path = NewTripViewController.swift; sourceTree = "<group>"; };
		CBAED3081BD1DD01001993E3 /* NewTripViewController.xib */ = {isa = PBXFileReference; fileEncoding = 4; lastKnownFileType = file.xib; path = NewTripViewController.xib; sourceTree = "<group>"; };
		CBAED30F1BD1DFE8001993E3 /* AddTripCell.swift */ = {isa = PBXFileReference; fileEncoding = 4; lastKnownFileType = sourcecode.swift; path = AddTripCell.swift; sourceTree = "<group>"; };
		CBAED3101BD1DFE8001993E3 /* AddTripCell.xib */ = {isa = PBXFileReference; fileEncoding = 4; lastKnownFileType = file.xib; path = AddTripCell.xib; sourceTree = "<group>"; };
		DE35ABA01BD44B0E00FD4035 /* AppData.plist */ = {isa = PBXFileReference; fileEncoding = 4; lastKnownFileType = text.plist.xml; path = AppData.plist; sourceTree = "<group>"; };
		DE35ABA31BD44C4800FD4035 /* Place.swift */ = {isa = PBXFileReference; fileEncoding = 4; lastKnownFileType = sourcecode.swift; path = Place.swift; sourceTree = "<group>"; };
		DE35ABA51BD44C7400FD4035 /* User.swift */ = {isa = PBXFileReference; fileEncoding = 4; lastKnownFileType = sourcecode.swift; path = User.swift; sourceTree = "<group>"; };
		DE35ABA71BD44CFA00FD4035 /* Credentials.plist */ = {isa = PBXFileReference; fileEncoding = 4; lastKnownFileType = text.plist.xml; path = Credentials.plist; sourceTree = "<group>"; };
		E6AFAE4023E97270ABAD6826 /* Pods-Breezy.debug.xcconfig */ = {isa = PBXFileReference; includeInIndex = 1; lastKnownFileType = text.xcconfig; name = "Pods-Breezy.debug.xcconfig"; path = "Pods/Target Support Files/Pods-Breezy/Pods-Breezy.debug.xcconfig"; sourceTree = "<group>"; };
		EB84D7D484F4D39031AFADDB /* Pods_Breezy.framework */ = {isa = PBXFileReference; explicitFileType = wrapper.framework; includeInIndex = 0; path = Pods_Breezy.framework; sourceTree = BUILT_PRODUCTS_DIR; };
		FF2228CF0FF26FD09B6A4677 /* Pods-Breezy.release.xcconfig */ = {isa = PBXFileReference; includeInIndex = 1; lastKnownFileType = text.xcconfig; name = "Pods-Breezy.release.xcconfig"; path = "Pods/Target Support Files/Pods-Breezy/Pods-Breezy.release.xcconfig"; sourceTree = "<group>"; };
/* End PBXFileReference section */

/* Begin PBXFrameworksBuildPhase section */
		AAD3B6AC1BCCA08E008FBC01 /* Frameworks */ = {
			isa = PBXFrameworksBuildPhase;
			buildActionMask = 2147483647;
			files = (
				8C456B2561AC37F017DA4540 /* Pods_Breezy.framework in Frameworks */,
			);
			runOnlyForDeploymentPostprocessing = 0;
		};
/* End PBXFrameworksBuildPhase section */

/* Begin PBXGroup section */
		901B4FDAB578425B3128A270 /* Pods */ = {
			isa = PBXGroup;
			children = (
				E6AFAE4023E97270ABAD6826 /* Pods-Breezy.debug.xcconfig */,
				FF2228CF0FF26FD09B6A4677 /* Pods-Breezy.release.xcconfig */,
			);
			name = Pods;
			sourceTree = "<group>";
		};
		AAD3B6A61BCCA08E008FBC01 = {
			isa = PBXGroup;
			children = (
				AAD3B6B11BCCA08E008FBC01 /* Breezy */,
				AAD3B6B01BCCA08E008FBC01 /* Products */,
				901B4FDAB578425B3128A270 /* Pods */,
				DC89DEBB808658D544372665 /* Frameworks */,
			);
			sourceTree = "<group>";
		};
		AAD3B6B01BCCA08E008FBC01 /* Products */ = {
			isa = PBXGroup;
			children = (
				AAD3B6AF1BCCA08E008FBC01 /* Breezy.app */,
			);
			name = Products;
			sourceTree = "<group>";
		};
		AAD3B6B11BCCA08E008FBC01 /* Breezy */ = {
			isa = PBXGroup;
			children = (
				DE35ABA21BD44C3B00FD4035 /* Models */,
				CBAED2FA1BD1DC25001993E3 /* View Controllers */,
				CBAED2F91BD1DC20001993E3 /* Views */,
				AAD3B6B21BCCA08E008FBC01 /* AppDelegate.swift */,
				AAD3B6B41BCCA08E008FBC01 /* ViewController.swift */,
				AAD3B6B61BCCA08E008FBC01 /* Main.storyboard */,
				AAD3B6BC1BCCA08E008FBC01 /* Assets.xcassets */,
				AAD3B6BE1BCCA08E008FBC01 /* LaunchScreen.storyboard */,
				AAD3B6C11BCCA08E008FBC01 /* Info.plist */,
				AAD3B6B91BCCA08E008FBC01 /* Breezy.xcdatamodeld */,
				AA328DF21BD064AD00ECFAAC /* Credentials.swift */,
				DE35ABA71BD44CFA00FD4035 /* Credentials.plist */,
				DE35ABA01BD44B0E00FD4035 /* AppData.plist */,
			);
			path = Breezy;
			sourceTree = "<group>";
		};
		CBAED2F91BD1DC20001993E3 /* Views */ = {
			isa = PBXGroup;
			children = (
				CBAED2FD1BD1DC83001993E3 /* TripCell.swift */,
				CBAED2FE1BD1DC83001993E3 /* TripCell.xib */,
				CBAED30F1BD1DFE8001993E3 /* AddTripCell.swift */,
				CBAED3101BD1DFE8001993E3 /* AddTripCell.xib */,
				AAADA9F11BD4261E00715557 /* PlacePredictionCell.swift */,
				AAADA9F21BD4261E00715557 /* PlacePredictionCell.xib */,
			);
			name = Views;
			sourceTree = "<group>";
		};
		CBAED2FA1BD1DC25001993E3 /* View Controllers */ = {
			isa = PBXGroup;
			children = (
				CBAED3031BD1DCA8001993E3 /* TripsViewController.swift */,
				AAADA9F51BD4267D00715557 /* PlaceLookupViewController.swift */,
				AA67199B1BD4559200C911BF /* DummyViewController.swift */,
				AA67199C1BD4559200C911BF /* DummyViewController.xib */,
				AAADA9F61BD4267D00715557 /* PlaceLookupViewController.xib */,
				CBAED3041BD1DCA8001993E3 /* TripsViewController.xib */,
				CBAED3071BD1DD01001993E3 /* NewTripViewController.swift */,
				CBAED3081BD1DD01001993E3 /* NewTripViewController.xib */,
				CB1262071BD4555500BA11A7 /* crazyViewController.swift */,
			);
			name = "View Controllers";
			sourceTree = "<group>";
		};
		DC89DEBB808658D544372665 /* Frameworks */ = {
			isa = PBXGroup;
			children = (
				EB84D7D484F4D39031AFADDB /* Pods_Breezy.framework */,
			);
			name = Frameworks;
			sourceTree = "<group>";
		};
		DE35ABA21BD44C3B00FD4035 /* Models */ = {
			isa = PBXGroup;
			children = (
				DE35ABA31BD44C4800FD4035 /* Place.swift */,
				DE35ABA51BD44C7400FD4035 /* User.swift */,
			);
			name = Models;
			sourceTree = "<group>";
		};
/* End PBXGroup section */

/* Begin PBXNativeTarget section */
		AAD3B6AE1BCCA08E008FBC01 /* Breezy */ = {
			isa = PBXNativeTarget;
			buildConfigurationList = AAD3B6C41BCCA08E008FBC01 /* Build configuration list for PBXNativeTarget "Breezy" */;
			buildPhases = (
				415720C45146A0F706F6FE8E /* Check Pods Manifest.lock */,
				AAD3B6AB1BCCA08E008FBC01 /* Sources */,
				AAD3B6AC1BCCA08E008FBC01 /* Frameworks */,
				AAD3B6AD1BCCA08E008FBC01 /* Resources */,
				8B8255C628B4552F4E89168E /* Embed Pods Frameworks */,
				0C0C8200ED673DB310AF4372 /* Copy Pods Resources */,
			);
			buildRules = (
			);
			dependencies = (
			);
			name = Breezy;
			productName = Breezy;
			productReference = AAD3B6AF1BCCA08E008FBC01 /* Breezy.app */;
			productType = "com.apple.product-type.application";
		};
/* End PBXNativeTarget section */

/* Begin PBXProject section */
		AAD3B6A71BCCA08E008FBC01 /* Project object */ = {
			isa = PBXProject;
			attributes = {
				LastUpgradeCheck = 0700;
				ORGANIZATIONNAME = TeamNAM;
				TargetAttributes = {
					AAD3B6AE1BCCA08E008FBC01 = {
						CreatedOnToolsVersion = 7.0;
					};
				};
			};
			buildConfigurationList = AAD3B6AA1BCCA08E008FBC01 /* Build configuration list for PBXProject "Breezy" */;
			compatibilityVersion = "Xcode 3.2";
			developmentRegion = English;
			hasScannedForEncodings = 0;
			knownRegions = (
				en,
				Base,
			);
			mainGroup = AAD3B6A61BCCA08E008FBC01;
			productRefGroup = AAD3B6B01BCCA08E008FBC01 /* Products */;
			projectDirPath = "";
			projectRoot = "";
			targets = (
				AAD3B6AE1BCCA08E008FBC01 /* Breezy */,
			);
		};
/* End PBXProject section */

/* Begin PBXResourcesBuildPhase section */
		AAD3B6AD1BCCA08E008FBC01 /* Resources */ = {
			isa = PBXResourcesBuildPhase;
			buildActionMask = 2147483647;
			files = (
				CBAED3121BD1DFE8001993E3 /* AddTripCell.xib in Resources */,
				CBAED3001BD1DC83001993E3 /* TripCell.xib in Resources */,
				CBAED30A1BD1DD01001993E3 /* NewTripViewController.xib in Resources */,
				AAADA9F81BD4267D00715557 /* PlaceLookupViewController.xib in Resources */,
				CBAED3061BD1DCA8001993E3 /* TripsViewController.xib in Resources */,
				AAD3B6C01BCCA08E008FBC01 /* LaunchScreen.storyboard in Resources */,
				DE35ABA81BD44CFA00FD4035 /* Credentials.plist in Resources */,
				AA67199E1BD4559200C911BF /* DummyViewController.xib in Resources */,
				DE35ABA11BD44B0E00FD4035 /* AppData.plist in Resources */,
				AAD3B6BD1BCCA08E008FBC01 /* Assets.xcassets in Resources */,
				AAADA9F41BD4261E00715557 /* PlacePredictionCell.xib in Resources */,
				AAD3B6B81BCCA08E008FBC01 /* Main.storyboard in Resources */,
			);
			runOnlyForDeploymentPostprocessing = 0;
		};
/* End PBXResourcesBuildPhase section */

/* Begin PBXShellScriptBuildPhase section */
		0C0C8200ED673DB310AF4372 /* Copy Pods Resources */ = {
			isa = PBXShellScriptBuildPhase;
			buildActionMask = 2147483647;
			files = (
			);
			inputPaths = (
			);
			name = "Copy Pods Resources";
			outputPaths = (
			);
			runOnlyForDeploymentPostprocessing = 0;
			shellPath = /bin/sh;
			shellScript = "\"${SRCROOT}/Pods/Target Support Files/Pods-Breezy/Pods-Breezy-resources.sh\"\n";
			showEnvVarsInLog = 0;
		};
		415720C45146A0F706F6FE8E /* Check Pods Manifest.lock */ = {
			isa = PBXShellScriptBuildPhase;
			buildActionMask = 2147483647;
			files = (
			);
			inputPaths = (
			);
			name = "Check Pods Manifest.lock";
			outputPaths = (
			);
			runOnlyForDeploymentPostprocessing = 0;
			shellPath = /bin/sh;
			shellScript = "diff \"${PODS_ROOT}/../Podfile.lock\" \"${PODS_ROOT}/Manifest.lock\" > /dev/null\nif [[ $? != 0 ]] ; then\n    cat << EOM\nerror: The sandbox is not in sync with the Podfile.lock. Run 'pod install' or update your CocoaPods installation.\nEOM\n    exit 1\nfi\n";
			showEnvVarsInLog = 0;
		};
		8B8255C628B4552F4E89168E /* Embed Pods Frameworks */ = {
			isa = PBXShellScriptBuildPhase;
			buildActionMask = 2147483647;
			files = (
			);
			inputPaths = (
			);
			name = "Embed Pods Frameworks";
			outputPaths = (
			);
			runOnlyForDeploymentPostprocessing = 0;
			shellPath = /bin/sh;
			shellScript = "\"${SRCROOT}/Pods/Target Support Files/Pods-Breezy/Pods-Breezy-frameworks.sh\"\n";
			showEnvVarsInLog = 0;
		};
/* End PBXShellScriptBuildPhase section */

/* Begin PBXSourcesBuildPhase section */
		AAD3B6AB1BCCA08E008FBC01 /* Sources */ = {
			isa = PBXSourcesBuildPhase;
			buildActionMask = 2147483647;
			files = (
				AAADA9F31BD4261E00715557 /* PlacePredictionCell.swift in Sources */,
				AA67199D1BD4559200C911BF /* DummyViewController.swift in Sources */,
				CBAED3051BD1DCA8001993E3 /* TripsViewController.swift in Sources */,
				AAD3B6BB1BCCA08E008FBC01 /* Breezy.xcdatamodeld in Sources */,
				AAD3B6B51BCCA08E008FBC01 /* ViewController.swift in Sources */,
				AA328DF31BD064AD00ECFAAC /* Credentials.swift in Sources */,
				CBAED3111BD1DFE8001993E3 /* AddTripCell.swift in Sources */,
				AAD3B6B31BCCA08E008FBC01 /* AppDelegate.swift in Sources */,
				AAADA9F71BD4267D00715557 /* PlaceLookupViewController.swift in Sources */,
				CB1262081BD4555500BA11A7 /* crazyViewController.swift in Sources */,
				DE35ABA61BD44C7400FD4035 /* User.swift in Sources */,
				CBAED2FF1BD1DC83001993E3 /* TripCell.swift in Sources */,
				DE35ABA41BD44C4800FD4035 /* Place.swift in Sources */,
				CBAED3091BD1DD01001993E3 /* NewTripViewController.swift in Sources */,
			);
			runOnlyForDeploymentPostprocessing = 0;
		};
/* End PBXSourcesBuildPhase section */

/* Begin PBXVariantGroup section */
		AAD3B6B61BCCA08E008FBC01 /* Main.storyboard */ = {
			isa = PBXVariantGroup;
			children = (
				AAD3B6B71BCCA08E008FBC01 /* Base */,
			);
			name = Main.storyboard;
			sourceTree = "<group>";
		};
		AAD3B6BE1BCCA08E008FBC01 /* LaunchScreen.storyboard */ = {
			isa = PBXVariantGroup;
			children = (
				AAD3B6BF1BCCA08E008FBC01 /* Base */,
			);
			name = LaunchScreen.storyboard;
			sourceTree = "<group>";
		};
/* End PBXVariantGroup section */

/* Begin XCBuildConfiguration section */
		AAD3B6C21BCCA08E008FBC01 /* Debug */ = {
			isa = XCBuildConfiguration;
			buildSettings = {
				ALWAYS_SEARCH_USER_PATHS = NO;
				CLANG_CXX_LANGUAGE_STANDARD = "gnu++0x";
				CLANG_CXX_LIBRARY = "libc++";
				CLANG_ENABLE_MODULES = YES;
				CLANG_ENABLE_OBJC_ARC = YES;
				CLANG_WARN_BOOL_CONVERSION = YES;
				CLANG_WARN_CONSTANT_CONVERSION = YES;
				CLANG_WARN_DIRECT_OBJC_ISA_USAGE = YES_ERROR;
				CLANG_WARN_EMPTY_BODY = YES;
				CLANG_WARN_ENUM_CONVERSION = YES;
				CLANG_WARN_INT_CONVERSION = YES;
				CLANG_WARN_OBJC_ROOT_CLASS = YES_ERROR;
				CLANG_WARN_UNREACHABLE_CODE = YES;
				CLANG_WARN__DUPLICATE_METHOD_MATCH = YES;
				"CODE_SIGN_IDENTITY[sdk=iphoneos*]" = "iPhone Developer";
				COPY_PHASE_STRIP = NO;
				DEBUG_INFORMATION_FORMAT = dwarf;
				ENABLE_STRICT_OBJC_MSGSEND = YES;
				ENABLE_TESTABILITY = YES;
				GCC_C_LANGUAGE_STANDARD = gnu99;
				GCC_DYNAMIC_NO_PIC = NO;
				GCC_NO_COMMON_BLOCKS = YES;
				GCC_OPTIMIZATION_LEVEL = 0;
				GCC_PREPROCESSOR_DEFINITIONS = (
					"DEBUG=1",
					"$(inherited)",
				);
				GCC_WARN_64_TO_32_BIT_CONVERSION = YES;
				GCC_WARN_ABOUT_RETURN_TYPE = YES_ERROR;
				GCC_WARN_UNDECLARED_SELECTOR = YES;
				GCC_WARN_UNINITIALIZED_AUTOS = YES_AGGRESSIVE;
				GCC_WARN_UNUSED_FUNCTION = YES;
				GCC_WARN_UNUSED_VARIABLE = YES;
				IPHONEOS_DEPLOYMENT_TARGET = 9.0;
				MTL_ENABLE_DEBUG_INFO = YES;
				ONLY_ACTIVE_ARCH = YES;
				SDKROOT = iphoneos;
				SWIFT_OPTIMIZATION_LEVEL = "-Onone";
			};
			name = Debug;
		};
		AAD3B6C31BCCA08E008FBC01 /* Release */ = {
			isa = XCBuildConfiguration;
			buildSettings = {
				ALWAYS_SEARCH_USER_PATHS = NO;
				CLANG_CXX_LANGUAGE_STANDARD = "gnu++0x";
				CLANG_CXX_LIBRARY = "libc++";
				CLANG_ENABLE_MODULES = YES;
				CLANG_ENABLE_OBJC_ARC = YES;
				CLANG_WARN_BOOL_CONVERSION = YES;
				CLANG_WARN_CONSTANT_CONVERSION = YES;
				CLANG_WARN_DIRECT_OBJC_ISA_USAGE = YES_ERROR;
				CLANG_WARN_EMPTY_BODY = YES;
				CLANG_WARN_ENUM_CONVERSION = YES;
				CLANG_WARN_INT_CONVERSION = YES;
				CLANG_WARN_OBJC_ROOT_CLASS = YES_ERROR;
				CLANG_WARN_UNREACHABLE_CODE = YES;
				CLANG_WARN__DUPLICATE_METHOD_MATCH = YES;
				"CODE_SIGN_IDENTITY[sdk=iphoneos*]" = "iPhone Developer";
				COPY_PHASE_STRIP = NO;
				DEBUG_INFORMATION_FORMAT = "dwarf-with-dsym";
				ENABLE_NS_ASSERTIONS = NO;
				ENABLE_STRICT_OBJC_MSGSEND = YES;
				GCC_C_LANGUAGE_STANDARD = gnu99;
				GCC_NO_COMMON_BLOCKS = YES;
				GCC_WARN_64_TO_32_BIT_CONVERSION = YES;
				GCC_WARN_ABOUT_RETURN_TYPE = YES_ERROR;
				GCC_WARN_UNDECLARED_SELECTOR = YES;
				GCC_WARN_UNINITIALIZED_AUTOS = YES_AGGRESSIVE;
				GCC_WARN_UNUSED_FUNCTION = YES;
				GCC_WARN_UNUSED_VARIABLE = YES;
				IPHONEOS_DEPLOYMENT_TARGET = 9.0;
				MTL_ENABLE_DEBUG_INFO = NO;
				SDKROOT = iphoneos;
				VALIDATE_PRODUCT = YES;
			};
			name = Release;
		};
		AAD3B6C51BCCA08E008FBC01 /* Debug */ = {
			isa = XCBuildConfiguration;
			baseConfigurationReference = E6AFAE4023E97270ABAD6826 /* Pods-Breezy.debug.xcconfig */;
			buildSettings = {
				ASSETCATALOG_COMPILER_APPICON_NAME = AppIcon;
				INFOPLIST_FILE = Breezy/Info.plist;
				LD_RUNPATH_SEARCH_PATHS = "$(inherited) @executable_path/Frameworks";
				OTHER_LDFLAGS = (
					"$(inherited)",
					"-l\"c++\"",
					"-l\"icucore\"",
					"-l\"z\"",
					"-framework",
					"\"AFNetworking\"",
					"-framework",
					"\"AVFoundation\"",
					"-framework",
					"\"Accelerate\"",
					"-framework",
					"\"CoreBluetooth\"",
					"-framework",
					"\"CoreData\"",
					"-framework",
					"\"CoreGraphics\"",
					"-framework",
					"\"CoreLocation\"",
					"-framework",
					"\"CoreText\"",
					"-framework",
					"\"ForecastIOClient\"",
					"-framework",
					"\"GLKit\"",
					"-framework",
					"\"GoogleMaps\"",
					"-framework",
					"\"ImageIO\"",
					"-framework",
					"\"OpenGLES\"",
					"-framework",
					"\"QuartzCore\"",
					"-framework",
					"\"Security\"",
					"-framework",
					"\"SwiftyJSON\"",
					"-framework",
					"\"SystemConfiguration\"",
					"-ObjC",
				);
				PRODUCT_BUNDLE_IDENTIFIER = com.TeamNam.Breezy;
				PRODUCT_NAME = "$(TARGET_NAME)";
			};
			name = Debug;
		};
		AAD3B6C61BCCA08E008FBC01 /* Release */ = {
			isa = XCBuildConfiguration;
			baseConfigurationReference = FF2228CF0FF26FD09B6A4677 /* Pods-Breezy.release.xcconfig */;
			buildSettings = {
				ASSETCATALOG_COMPILER_APPICON_NAME = AppIcon;
				INFOPLIST_FILE = Breezy/Info.plist;
				LD_RUNPATH_SEARCH_PATHS = "$(inherited) @executable_path/Frameworks";
				OTHER_LDFLAGS = (
					"$(inherited)",
					"-l\"c++\"",
					"-l\"icucore\"",
					"-l\"z\"",
					"-framework",
					"\"AFNetworking\"",
					"-framework",
					"\"AVFoundation\"",
					"-framework",
					"\"Accelerate\"",
					"-framework",
					"\"CoreBluetooth\"",
					"-framework",
					"\"CoreData\"",
					"-framework",
					"\"CoreGraphics\"",
					"-framework",
					"\"CoreLocation\"",
					"-framework",
					"\"CoreText\"",
					"-framework",
					"\"ForecastIOClient\"",
					"-framework",
					"\"GLKit\"",
					"-framework",
					"\"GoogleMaps\"",
					"-framework",
					"\"ImageIO\"",
					"-framework",
					"\"OpenGLES\"",
					"-framework",
					"\"QuartzCore\"",
					"-framework",
					"\"Security\"",
					"-framework",
					"\"SwiftyJSON\"",
					"-framework",
					"\"SystemConfiguration\"",
					"-ObjC",
				);
				PRODUCT_BUNDLE_IDENTIFIER = com.TeamNam.Breezy;
				PRODUCT_NAME = "$(TARGET_NAME)";
			};
			name = Release;
		};
/* End XCBuildConfiguration section */

/* Begin XCConfigurationList section */
		AAD3B6AA1BCCA08E008FBC01 /* Build configuration list for PBXProject "Breezy" */ = {
			isa = XCConfigurationList;
			buildConfigurations = (
				AAD3B6C21BCCA08E008FBC01 /* Debug */,
				AAD3B6C31BCCA08E008FBC01 /* Release */,
			);
			defaultConfigurationIsVisible = 0;
			defaultConfigurationName = Release;
		};
		AAD3B6C41BCCA08E008FBC01 /* Build configuration list for PBXNativeTarget "Breezy" */ = {
			isa = XCConfigurationList;
			buildConfigurations = (
				AAD3B6C51BCCA08E008FBC01 /* Debug */,
				AAD3B6C61BCCA08E008FBC01 /* Release */,
			);
			defaultConfigurationIsVisible = 0;
			defaultConfigurationName = Release;
		};
/* End XCConfigurationList section */

/* Begin XCVersionGroup section */
		AAD3B6B91BCCA08E008FBC01 /* Breezy.xcdatamodeld */ = {
			isa = XCVersionGroup;
			children = (
				AAD3B6BA1BCCA08E008FBC01 /* Breezy.xcdatamodel */,
			);
			currentVersion = AAD3B6BA1BCCA08E008FBC01 /* Breezy.xcdatamodel */;
			path = Breezy.xcdatamodeld;
			sourceTree = "<group>";
			versionGroupType = wrapper.xcdatamodel;
		};
/* End XCVersionGroup section */
	};
	rootObject = AAD3B6A71BCCA08E008FBC01 /* Project object */;
}
