// !$*UTF8*$!
{
	archiveVersion = 1;
	classes = {
	};
	objectVersion = 46;
	objects = {

/* Begin PBXBuildFile section */
		8C456B2561AC37F017DA4540 /* Pods_Breezy.framework in Frameworks */ = {isa = PBXBuildFile; fileRef = EB84D7D484F4D39031AFADDB /* Pods_Breezy.framework */; settings = {ATTRIBUTES = (Weak, ); }; };
		AA0CA53F1BD6F19A00C643A9 /* PlaceLookupViewController.storyboard in Resources */ = {isa = PBXBuildFile; fileRef = AA0CA53E1BD6F19A00C643A9 /* PlaceLookupViewController.storyboard */; };
		AA0CA5411BD6F26700C643A9 /* PlaceLookupViewController.swift in Sources */ = {isa = PBXBuildFile; fileRef = AA0CA5401BD6F26700C643A9 /* PlaceLookupViewController.swift */; };
		AA328DF31BD064AD00ECFAAC /* Credentials.swift in Sources */ = {isa = PBXBuildFile; fileRef = AA328DF21BD064AD00ECFAAC /* Credentials.swift */; };
		AA44AA271BDEA0E100E898C8 /* WelcomeViewController.storyboard in Resources */ = {isa = PBXBuildFile; fileRef = AA44AA261BDEA0E100E898C8 /* WelcomeViewController.storyboard */; };
		AA44AA291BDEA11100E898C8 /* WelcomeViewController.swift in Sources */ = {isa = PBXBuildFile; fileRef = AA44AA281BDEA11100E898C8 /* WelcomeViewController.swift */; };
		AA570E451BD9B08B007F963B /* TodayViewCell.swift in Sources */ = {isa = PBXBuildFile; fileRef = AA570E431BD9B08B007F963B /* TodayViewCell.swift */; };
		AA570E461BD9B08B007F963B /* TodayViewCell.xib in Resources */ = {isa = PBXBuildFile; fileRef = AA570E441BD9B08B007F963B /* TodayViewCell.xib */; };
		AA6719A41BD459C800C911BF /* CoreLocation.framework in Frameworks */ = {isa = PBXBuildFile; fileRef = AA6719A31BD459C800C911BF /* CoreLocation.framework */; };
		AAACA1D41BD72FD8003E4BC6 /* SavedPlaceCell.swift in Sources */ = {isa = PBXBuildFile; fileRef = AAACA1D21BD72FD8003E4BC6 /* SavedPlaceCell.swift */; };
		AAACA1D51BD72FD8003E4BC6 /* SavedPlaceCell.xib in Resources */ = {isa = PBXBuildFile; fileRef = AAACA1D31BD72FD8003E4BC6 /* SavedPlaceCell.xib */; };
		AAADA9F31BD4261E00715557 /* PlacePredictionCell.swift in Sources */ = {isa = PBXBuildFile; fileRef = AAADA9F11BD4261E00715557 /* PlacePredictionCell.swift */; };
		AAADA9F41BD4261E00715557 /* PlacePredictionCell.xib in Resources */ = {isa = PBXBuildFile; fileRef = AAADA9F21BD4261E00715557 /* PlacePredictionCell.xib */; };
		AAB34DF51BD9733A00C00CD4 /* TodayViewController.storyboard in Resources */ = {isa = PBXBuildFile; fileRef = AAB34DF41BD9733A00C00CD4 /* TodayViewController.storyboard */; };
		AACFF4FA1BD94C3600349092 /* Assets.xcassets in Resources */ = {isa = PBXBuildFile; fileRef = AACFF4F91BD94C3600349092 /* Assets.xcassets */; };
		AAD3B6B31BCCA08E008FBC01 /* AppDelegate.swift in Sources */ = {isa = PBXBuildFile; fileRef = AAD3B6B21BCCA08E008FBC01 /* AppDelegate.swift */; };
		AAD3B6BB1BCCA08E008FBC01 /* Breezy.xcdatamodeld in Sources */ = {isa = PBXBuildFile; fileRef = AAD3B6B91BCCA08E008FBC01 /* Breezy.xcdatamodeld */; };
		CB12620B1BD45B2C00BA11A7 /* MapHelpers.swift in Sources */ = {isa = PBXBuildFile; fileRef = CB12620A1BD45B2C00BA11A7 /* MapHelpers.swift */; };
		CB4EFDE41BDEFC0900C4AA24 /* TripDetailViewController.swift in Sources */ = {isa = PBXBuildFile; fileRef = CB4EFDE31BDEFC0900C4AA24 /* TripDetailViewController.swift */; };
		CB4EFDE71BDF01FA00C4AA24 /* WeatherDayCell.swift in Sources */ = {isa = PBXBuildFile; fileRef = CB4EFDE51BDF01FA00C4AA24 /* WeatherDayCell.swift */; };
		CB4EFDE81BDF01FA00C4AA24 /* WeatherDayCell.xib in Resources */ = {isa = PBXBuildFile; fileRef = CB4EFDE61BDF01FA00C4AA24 /* WeatherDayCell.xib */; };
		CB59F97E1BDB2760007A2FB1 /* TripsViewController.storyboard in Resources */ = {isa = PBXBuildFile; fileRef = CB59F97D1BDB2760007A2FB1 /* TripsViewController.storyboard */; };
		CB59F9801BDB2B7F007A2FB1 /* NewTripViewController.storyboard in Resources */ = {isa = PBXBuildFile; fileRef = CB59F97F1BDB2B7F007A2FB1 /* NewTripViewController.storyboard */; };
		CB59F9841BDC4986007A2FB1 /* DateHelpers.swift in Sources */ = {isa = PBXBuildFile; fileRef = CB59F9831BDC4986007A2FB1 /* DateHelpers.swift */; };
		CBAED2FF1BD1DC83001993E3 /* TripCell.swift in Sources */ = {isa = PBXBuildFile; fileRef = CBAED2FD1BD1DC83001993E3 /* TripCell.swift */; };
		CBAED3001BD1DC83001993E3 /* TripCell.xib in Resources */ = {isa = PBXBuildFile; fileRef = CBAED2FE1BD1DC83001993E3 /* TripCell.xib */; };
		CBAED3051BD1DCA8001993E3 /* TripsViewController.swift in Sources */ = {isa = PBXBuildFile; fileRef = CBAED3031BD1DCA8001993E3 /* TripsViewController.swift */; };
		CBAED3091BD1DD01001993E3 /* NewTripViewController.swift in Sources */ = {isa = PBXBuildFile; fileRef = CBAED3071BD1DD01001993E3 /* NewTripViewController.swift */; };
		CBAED3111BD1DFE8001993E3 /* AddTripCell.swift in Sources */ = {isa = PBXBuildFile; fileRef = CBAED30F1BD1DFE8001993E3 /* AddTripCell.swift */; };
		CBAED3121BD1DFE8001993E3 /* AddTripCell.xib in Resources */ = {isa = PBXBuildFile; fileRef = CBAED3101BD1DFE8001993E3 /* AddTripCell.xib */; };
		CBC73F021BDD9C21008BFCC9 /* Weather.swift in Sources */ = {isa = PBXBuildFile; fileRef = CBC73F011BDD9C21008BFCC9 /* Weather.swift */; };
		CBE221B01BD755EF003652AB /* TodayViewController.swift in Sources */ = {isa = PBXBuildFile; fileRef = CBE221AE1BD755EF003652AB /* TodayViewController.swift */; };
		DE35ABA11BD44B0E00FD4035 /* AppData.plist in Resources */ = {isa = PBXBuildFile; fileRef = DE35ABA01BD44B0E00FD4035 /* AppData.plist */; };
		DE35ABA41BD44C4800FD4035 /* Place.swift in Sources */ = {isa = PBXBuildFile; fileRef = DE35ABA31BD44C4800FD4035 /* Place.swift */; };
		DE35ABA61BD44C7400FD4035 /* User.swift in Sources */ = {isa = PBXBuildFile; fileRef = DE35ABA51BD44C7400FD4035 /* User.swift */; };
		DE35ABA81BD44CFA00FD4035 /* Credentials.plist in Resources */ = {isa = PBXBuildFile; fileRef = DE35ABA71BD44CFA00FD4035 /* Credentials.plist */; };
		DEFB76461BD77F8C002AC372 /* Trip.swift in Sources */ = {isa = PBXBuildFile; fileRef = DEFB76451BD77F8C002AC372 /* Trip.swift */; };
/* End PBXBuildFile section */

/* Begin PBXFileReference section */
		AA0CA53E1BD6F19A00C643A9 /* PlaceLookupViewController.storyboard */ = {isa = PBXFileReference; fileEncoding = 4; lastKnownFileType = file.storyboard; path = PlaceLookupViewController.storyboard; sourceTree = "<group>"; };
		AA0CA5401BD6F26700C643A9 /* PlaceLookupViewController.swift */ = {isa = PBXFileReference; fileEncoding = 4; lastKnownFileType = sourcecode.swift; path = PlaceLookupViewController.swift; sourceTree = "<group>"; };
		AA328DF21BD064AD00ECFAAC /* Credentials.swift */ = {isa = PBXFileReference; fileEncoding = 4; lastKnownFileType = sourcecode.swift; path = Credentials.swift; sourceTree = "<group>"; };
		AA44AA261BDEA0E100E898C8 /* WelcomeViewController.storyboard */ = {isa = PBXFileReference; fileEncoding = 4; lastKnownFileType = file.storyboard; path = WelcomeViewController.storyboard; sourceTree = "<group>"; };
		AA44AA281BDEA11100E898C8 /* WelcomeViewController.swift */ = {isa = PBXFileReference; fileEncoding = 4; lastKnownFileType = sourcecode.swift; path = WelcomeViewController.swift; sourceTree = "<group>"; };
		AA570E431BD9B08B007F963B /* TodayViewCell.swift */ = {isa = PBXFileReference; fileEncoding = 4; lastKnownFileType = sourcecode.swift; path = TodayViewCell.swift; sourceTree = "<group>"; };
		AA570E441BD9B08B007F963B /* TodayViewCell.xib */ = {isa = PBXFileReference; fileEncoding = 4; lastKnownFileType = file.xib; path = TodayViewCell.xib; sourceTree = "<group>"; };
		AA6719A31BD459C800C911BF /* CoreLocation.framework */ = {isa = PBXFileReference; lastKnownFileType = wrapper.framework; name = CoreLocation.framework; path = System/Library/Frameworks/CoreLocation.framework; sourceTree = SDKROOT; };
		AA7587CE1BD4A158009764DB /* Contacts.framework */ = {isa = PBXFileReference; lastKnownFileType = wrapper.framework; name = Contacts.framework; path = System/Library/Frameworks/Contacts.framework; sourceTree = SDKROOT; };
		AA7587CF1BD4A158009764DB /* ContactsUI.framework */ = {isa = PBXFileReference; lastKnownFileType = wrapper.framework; name = ContactsUI.framework; path = System/Library/Frameworks/ContactsUI.framework; sourceTree = SDKROOT; };
		AA7687801BDF2D4B004BEEBA /* Breezy-Bridging-Header.h */ = {isa = PBXFileReference; lastKnownFileType = sourcecode.c.h; path = "Breezy-Bridging-Header.h"; sourceTree = "<group>"; };
		AAACA1D21BD72FD8003E4BC6 /* SavedPlaceCell.swift */ = {isa = PBXFileReference; fileEncoding = 4; lastKnownFileType = sourcecode.swift; path = SavedPlaceCell.swift; sourceTree = "<group>"; };
		AAACA1D31BD72FD8003E4BC6 /* SavedPlaceCell.xib */ = {isa = PBXFileReference; fileEncoding = 4; lastKnownFileType = file.xib; path = SavedPlaceCell.xib; sourceTree = "<group>"; };
		AAADA9F11BD4261E00715557 /* PlacePredictionCell.swift */ = {isa = PBXFileReference; fileEncoding = 4; lastKnownFileType = sourcecode.swift; path = PlacePredictionCell.swift; sourceTree = "<group>"; };
		AAADA9F21BD4261E00715557 /* PlacePredictionCell.xib */ = {isa = PBXFileReference; fileEncoding = 4; lastKnownFileType = file.xib; path = PlacePredictionCell.xib; sourceTree = "<group>"; };
		AAB34DF41BD9733A00C00CD4 /* TodayViewController.storyboard */ = {isa = PBXFileReference; fileEncoding = 4; lastKnownFileType = file.storyboard; path = TodayViewController.storyboard; sourceTree = "<group>"; };
		AACFF4F91BD94C3600349092 /* Assets.xcassets */ = {isa = PBXFileReference; lastKnownFileType = folder.assetcatalog; path = Assets.xcassets; sourceTree = "<group>"; };
		AAD3B6AF1BCCA08E008FBC01 /* Breezy.app */ = {isa = PBXFileReference; explicitFileType = wrapper.application; includeInIndex = 0; path = Breezy.app; sourceTree = BUILT_PRODUCTS_DIR; };
		AAD3B6B21BCCA08E008FBC01 /* AppDelegate.swift */ = {isa = PBXFileReference; lastKnownFileType = sourcecode.swift; path = AppDelegate.swift; sourceTree = "<group>"; };
		AAD3B6BA1BCCA08E008FBC01 /* Breezy.xcdatamodel */ = {isa = PBXFileReference; lastKnownFileType = wrapper.xcdatamodel; path = Breezy.xcdatamodel; sourceTree = "<group>"; };
		AAD3B6C11BCCA08E008FBC01 /* Info.plist */ = {isa = PBXFileReference; lastKnownFileType = text.plist.xml; path = Info.plist; sourceTree = "<group>"; };
		CB12620A1BD45B2C00BA11A7 /* MapHelpers.swift */ = {isa = PBXFileReference; fileEncoding = 4; lastKnownFileType = sourcecode.swift; path = MapHelpers.swift; sourceTree = "<group>"; };
		CB4EFDE31BDEFC0900C4AA24 /* TripDetailViewController.swift */ = {isa = PBXFileReference; fileEncoding = 4; lastKnownFileType = sourcecode.swift; path = TripDetailViewController.swift; sourceTree = "<group>"; };
		CB4EFDE51BDF01FA00C4AA24 /* WeatherDayCell.swift */ = {isa = PBXFileReference; fileEncoding = 4; lastKnownFileType = sourcecode.swift; path = WeatherDayCell.swift; sourceTree = "<group>"; };
		CB4EFDE61BDF01FA00C4AA24 /* WeatherDayCell.xib */ = {isa = PBXFileReference; fileEncoding = 4; lastKnownFileType = file.xib; path = WeatherDayCell.xib; sourceTree = "<group>"; };
		CB59F97D1BDB2760007A2FB1 /* TripsViewController.storyboard */ = {isa = PBXFileReference; fileEncoding = 4; lastKnownFileType = file.storyboard; path = TripsViewController.storyboard; sourceTree = "<group>"; };
		CB59F97F1BDB2B7F007A2FB1 /* NewTripViewController.storyboard */ = {isa = PBXFileReference; fileEncoding = 4; lastKnownFileType = file.storyboard; path = NewTripViewController.storyboard; sourceTree = "<group>"; };
		CB59F9831BDC4986007A2FB1 /* DateHelpers.swift */ = {isa = PBXFileReference; fileEncoding = 4; lastKnownFileType = sourcecode.swift; path = DateHelpers.swift; sourceTree = "<group>"; };
		CBAED2FD1BD1DC83001993E3 /* TripCell.swift */ = {isa = PBXFileReference; fileEncoding = 4; lastKnownFileType = sourcecode.swift; path = TripCell.swift; sourceTree = "<group>"; };
		CBAED2FE1BD1DC83001993E3 /* TripCell.xib */ = {isa = PBXFileReference; fileEncoding = 4; lastKnownFileType = file.xib; path = TripCell.xib; sourceTree = "<group>"; };
		CBAED3031BD1DCA8001993E3 /* TripsViewController.swift */ = {isa = PBXFileReference; fileEncoding = 4; lastKnownFileType = sourcecode.swift; path = TripsViewController.swift; sourceTree = "<group>"; };
		CBAED3071BD1DD01001993E3 /* NewTripViewController.swift */ = {isa = PBXFileReference; fileEncoding = 4; lastKnownFileType = sourcecode.swift; path = NewTripViewController.swift; sourceTree = "<group>"; };
		CBAED30F1BD1DFE8001993E3 /* AddTripCell.swift */ = {isa = PBXFileReference; fileEncoding = 4; lastKnownFileType = sourcecode.swift; path = AddTripCell.swift; sourceTree = "<group>"; };
		CBAED3101BD1DFE8001993E3 /* AddTripCell.xib */ = {isa = PBXFileReference; fileEncoding = 4; lastKnownFileType = file.xib; path = AddTripCell.xib; sourceTree = "<group>"; };
		CBC73F011BDD9C21008BFCC9 /* Weather.swift */ = {isa = PBXFileReference; fileEncoding = 4; lastKnownFileType = sourcecode.swift; path = Weather.swift; sourceTree = "<group>"; };
		CBE221AE1BD755EF003652AB /* TodayViewController.swift */ = {isa = PBXFileReference; fileEncoding = 4; lastKnownFileType = sourcecode.swift; path = TodayViewController.swift; sourceTree = "<group>"; };
		DE35ABA01BD44B0E00FD4035 /* AppData.plist */ = {isa = PBXFileReference; fileEncoding = 4; lastKnownFileType = text.plist.xml; path = AppData.plist; sourceTree = "<group>"; };
		DE35ABA31BD44C4800FD4035 /* Place.swift */ = {isa = PBXFileReference; fileEncoding = 4; lastKnownFileType = sourcecode.swift; path = Place.swift; sourceTree = "<group>"; };
		DE35ABA51BD44C7400FD4035 /* User.swift */ = {isa = PBXFileReference; fileEncoding = 4; lastKnownFileType = sourcecode.swift; path = User.swift; sourceTree = "<group>"; };
		DE35ABA71BD44CFA00FD4035 /* Credentials.plist */ = {isa = PBXFileReference; fileEncoding = 4; lastKnownFileType = text.plist.xml; path = Credentials.plist; sourceTree = "<group>"; };
		DEFB76451BD77F8C002AC372 /* Trip.swift */ = {isa = PBXFileReference; fileEncoding = 4; lastKnownFileType = sourcecode.swift; path = Trip.swift; sourceTree = "<group>"; };
		E6AFAE4023E97270ABAD6826 /* Pods-Breezy.debug.xcconfig */ = {isa = PBXFileReference; includeInIndex = 1; lastKnownFileType = text.xcconfig; name = "Pods-Breezy.debug.xcconfig"; path = "Pods/Target Support Files/Pods-Breezy/Pods-Breezy.debug.xcconfig"; sourceTree = "<group>"; };
		EB84D7D484F4D39031AFADDB /* Pods_Breezy.framework */ = {isa = PBXFileReference; explicitFileType = wrapper.framework; includeInIndex = 0; path = Pods_Breezy.framework; sourceTree = BUILT_PRODUCTS_DIR; };
		FF2228CF0FF26FD09B6A4677 /* Pods-Breezy.release.xcconfig */ = {isa = PBXFileReference; includeInIndex = 1; lastKnownFileType = text.xcconfig; name = "Pods-Breezy.release.xcconfig"; path = "Pods/Target Support Files/Pods-Breezy/Pods-Breezy.release.xcconfig"; sourceTree = "<group>"; };
/* End PBXFileReference section */

/* Begin PBXFrameworksBuildPhase section */
		AAD3B6AC1BCCA08E008FBC01 /* Frameworks */ = {
			isa = PBXFrameworksBuildPhase;
			buildActionMask = 2147483647;
			files = (
				AA6719A41BD459C800C911BF /* CoreLocation.framework in Frameworks */,
				8C456B2561AC37F017DA4540 /* Pods_Breezy.framework in Frameworks */,
			);
			runOnlyForDeploymentPostprocessing = 0;
		};
/* End PBXFrameworksBuildPhase section */

/* Begin PBXGroup section */
		901B4FDAB578425B3128A270 /* Pods */ = {
			isa = PBXGroup;
			children = (
				E6AFAE4023E97270ABAD6826 /* Pods-Breezy.debug.xcconfig */,
				FF2228CF0FF26FD09B6A4677 /* Pods-Breezy.release.xcconfig */,
			);
			name = Pods;
			sourceTree = "<group>";
		};
		AAD3B6A61BCCA08E008FBC01 = {
			isa = PBXGroup;
			children = (
				AAD3B6B11BCCA08E008FBC01 /* Breezy */,
				AAD3B6B01BCCA08E008FBC01 /* Products */,
				901B4FDAB578425B3128A270 /* Pods */,
				DC89DEBB808658D544372665 /* Frameworks */,
			);
			sourceTree = "<group>";
		};
		AAD3B6B01BCCA08E008FBC01 /* Products */ = {
			isa = PBXGroup;
			children = (
				AAD3B6AF1BCCA08E008FBC01 /* Breezy.app */,
			);
			name = Products;
			sourceTree = "<group>";
		};
		AAD3B6B11BCCA08E008FBC01 /* Breezy */ = {
			isa = PBXGroup;
			children = (
				CB1262091BD45A7F00BA11A7 /* Helpers */,
				DE35ABA21BD44C3B00FD4035 /* Models */,
				CBAED2FA1BD1DC25001993E3 /* View Controllers */,
				CBAED2F91BD1DC20001993E3 /* Views */,
				AAD3B6B21BCCA08E008FBC01 /* AppDelegate.swift */,
				AACFF4F91BD94C3600349092 /* Assets.xcassets */,
				AAD3B6C11BCCA08E008FBC01 /* Info.plist */,
				AAD3B6B91BCCA08E008FBC01 /* Breezy.xcdatamodeld */,
				AA328DF21BD064AD00ECFAAC /* Credentials.swift */,
				DE35ABA71BD44CFA00FD4035 /* Credentials.plist */,
				DE35ABA01BD44B0E00FD4035 /* AppData.plist */,
				AA7687801BDF2D4B004BEEBA /* Breezy-Bridging-Header.h */,
			);
			path = Breezy;
			sourceTree = "<group>";
		};
		CB1262091BD45A7F00BA11A7 /* Helpers */ = {
			isa = PBXGroup;
			children = (
				CB12620A1BD45B2C00BA11A7 /* MapHelpers.swift */,
				CB59F9831BDC4986007A2FB1 /* DateHelpers.swift */,
			);
			name = Helpers;
			sourceTree = "<group>";
		};
		CBAED2F91BD1DC20001993E3 /* Views */ = {
			isa = PBXGroup;
			children = (
				AA570E431BD9B08B007F963B /* TodayViewCell.swift */,
				AA570E441BD9B08B007F963B /* TodayViewCell.xib */,
				CBAED2FD1BD1DC83001993E3 /* TripCell.swift */,
				CBAED2FE1BD1DC83001993E3 /* TripCell.xib */,
				CBAED30F1BD1DFE8001993E3 /* AddTripCell.swift */,
				CBAED3101BD1DFE8001993E3 /* AddTripCell.xib */,
				AAADA9F11BD4261E00715557 /* PlacePredictionCell.swift */,
				AAADA9F21BD4261E00715557 /* PlacePredictionCell.xib */,
				AAACA1D21BD72FD8003E4BC6 /* SavedPlaceCell.swift */,
				AAACA1D31BD72FD8003E4BC6 /* SavedPlaceCell.xib */,
				CB4EFDE51BDF01FA00C4AA24 /* WeatherDayCell.swift */,
				CB4EFDE61BDF01FA00C4AA24 /* WeatherDayCell.xib */,
			);
			name = Views;
			sourceTree = "<group>";
		};
		CBAED2FA1BD1DC25001993E3 /* View Controllers */ = {
			isa = PBXGroup;
			children = (
				AA0CA5401BD6F26700C643A9 /* PlaceLookupViewController.swift */,
				CBAED3071BD1DD01001993E3 /* NewTripViewController.swift */,
				CBE221AE1BD755EF003652AB /* TodayViewController.swift */,
				CBAED3031BD1DCA8001993E3 /* TripsViewController.swift */,
				AA44AA281BDEA11100E898C8 /* WelcomeViewController.swift */,
				AA0CA53E1BD6F19A00C643A9 /* PlaceLookupViewController.storyboard */,
				AAB34DF41BD9733A00C00CD4 /* TodayViewController.storyboard */,
				CB59F97D1BDB2760007A2FB1 /* TripsViewController.storyboard */,
				CB59F97F1BDB2B7F007A2FB1 /* NewTripViewController.storyboard */,
				CB4EFDE31BDEFC0900C4AA24 /* TripDetailViewController.swift */,
				AA44AA261BDEA0E100E898C8 /* WelcomeViewController.storyboard */,
			);
			name = "View Controllers";
			sourceTree = "<group>";
		};
		DC89DEBB808658D544372665 /* Frameworks */ = {
			isa = PBXGroup;
			children = (
				AA7587CE1BD4A158009764DB /* Contacts.framework */,
				AA7587CF1BD4A158009764DB /* ContactsUI.framework */,
				AA6719A31BD459C800C911BF /* CoreLocation.framework */,
				EB84D7D484F4D39031AFADDB /* Pods_Breezy.framework */,
			);
			name = Frameworks;
			sourceTree = "<group>";
		};
		DE35ABA21BD44C3B00FD4035 /* Models */ = {
			isa = PBXGroup;
			children = (
				DE35ABA31BD44C4800FD4035 /* Place.swift */,
				DE35ABA51BD44C7400FD4035 /* User.swift */,
				DEFB76451BD77F8C002AC372 /* Trip.swift */,
				CBC73F011BDD9C21008BFCC9 /* Weather.swift */,
			);
			name = Models;
			sourceTree = "<group>";
		};
/* End PBXGroup section */

/* Begin PBXNativeTarget section */
		AAD3B6AE1BCCA08E008FBC01 /* Breezy */ = {
			isa = PBXNativeTarget;
			buildConfigurationList = AAD3B6C41BCCA08E008FBC01 /* Build configuration list for PBXNativeTarget "Breezy" */;
			buildPhases = (
				415720C45146A0F706F6FE8E /* Check Pods Manifest.lock */,
				AAD3B6AB1BCCA08E008FBC01 /* Sources */,
				AAD3B6AC1BCCA08E008FBC01 /* Frameworks */,
				AAD3B6AD1BCCA08E008FBC01 /* Resources */,
				8B8255C628B4552F4E89168E /* Embed Pods Frameworks */,
				0C0C8200ED673DB310AF4372 /* Copy Pods Resources */,
			);
			buildRules = (
			);
			dependencies = (
			);
			name = Breezy;
			productName = Breezy;
			productReference = AAD3B6AF1BCCA08E008FBC01 /* Breezy.app */;
			productType = "com.apple.product-type.application";
		};
/* End PBXNativeTarget section */

/* Begin PBXProject section */
		AAD3B6A71BCCA08E008FBC01 /* Project object */ = {
			isa = PBXProject;
			attributes = {
				LastSwiftUpdateCheck = 0710;
				LastUpgradeCheck = 0700;
				ORGANIZATIONNAME = TeamNAM;
				TargetAttributes = {
					AAD3B6AE1BCCA08E008FBC01 = {
						CreatedOnToolsVersion = 7.0;
					};
				};
			};
			buildConfigurationList = AAD3B6AA1BCCA08E008FBC01 /* Build configuration list for PBXProject "Breezy" */;
			compatibilityVersion = "Xcode 3.2";
			developmentRegion = English;
			hasScannedForEncodings = 0;
			knownRegions = (
				en,
				Base,
			);
			mainGroup = AAD3B6A61BCCA08E008FBC01;
			productRefGroup = AAD3B6B01BCCA08E008FBC01 /* Products */;
			projectDirPath = "";
			projectRoot = "";
			targets = (
				AAD3B6AE1BCCA08E008FBC01 /* Breezy */,
			);
		};
/* End PBXProject section */

/* Begin PBXResourcesBuildPhase section */
		AAD3B6AD1BCCA08E008FBC01 /* Resources */ = {
			isa = PBXResourcesBuildPhase;
			buildActionMask = 2147483647;
			files = (
				CB59F9801BDB2B7F007A2FB1 /* NewTripViewController.storyboard in Resources */,
				CB59F97E1BDB2760007A2FB1 /* TripsViewController.storyboard in Resources */,
				AA570E461BD9B08B007F963B /* TodayViewCell.xib in Resources */,
				CBAED3121BD1DFE8001993E3 /* AddTripCell.xib in Resources */,
				CBAED3001BD1DC83001993E3 /* TripCell.xib in Resources */,
				AAB34DF51BD9733A00C00CD4 /* TodayViewController.storyboard in Resources */,
				DE35ABA81BD44CFA00FD4035 /* Credentials.plist in Resources */,
				CB4EFDE81BDF01FA00C4AA24 /* WeatherDayCell.xib in Resources */,
				DE35ABA11BD44B0E00FD4035 /* AppData.plist in Resources */,
				AA0CA53F1BD6F19A00C643A9 /* PlaceLookupViewController.storyboard in Resources */,
				AAACA1D51BD72FD8003E4BC6 /* SavedPlaceCell.xib in Resources */,
				AAADA9F41BD4261E00715557 /* PlacePredictionCell.xib in Resources */,
				AA44AA271BDEA0E100E898C8 /* WelcomeViewController.storyboard in Resources */,
				AACFF4FA1BD94C3600349092 /* Assets.xcassets in Resources */,
			);
			runOnlyForDeploymentPostprocessing = 0;
		};
/* End PBXResourcesBuildPhase section */

/* Begin PBXShellScriptBuildPhase section */
		0C0C8200ED673DB310AF4372 /* Copy Pods Resources */ = {
			isa = PBXShellScriptBuildPhase;
			buildActionMask = 2147483647;
			files = (
			);
			inputPaths = (
			);
			name = "Copy Pods Resources";
			outputPaths = (
			);
			runOnlyForDeploymentPostprocessing = 0;
			shellPath = /bin/sh;
			shellScript = "\"${SRCROOT}/Pods/Target Support Files/Pods-Breezy/Pods-Breezy-resources.sh\"\n";
			showEnvVarsInLog = 0;
		};
		415720C45146A0F706F6FE8E /* Check Pods Manifest.lock */ = {
			isa = PBXShellScriptBuildPhase;
			buildActionMask = 2147483647;
			files = (
			);
			inputPaths = (
			);
			name = "Check Pods Manifest.lock";
			outputPaths = (
			);
			runOnlyForDeploymentPostprocessing = 0;
			shellPath = /bin/sh;
			shellScript = "diff \"${PODS_ROOT}/../Podfile.lock\" \"${PODS_ROOT}/Manifest.lock\" > /dev/null\nif [[ $? != 0 ]] ; then\n    cat << EOM\nerror: The sandbox is not in sync with the Podfile.lock. Run 'pod install' or update your CocoaPods installation.\nEOM\n    exit 1\nfi\n";
			showEnvVarsInLog = 0;
		};
		8B8255C628B4552F4E89168E /* Embed Pods Frameworks */ = {
			isa = PBXShellScriptBuildPhase;
			buildActionMask = 2147483647;
			files = (
			);
			inputPaths = (
			);
			name = "Embed Pods Frameworks";
			outputPaths = (
			);
			runOnlyForDeploymentPostprocessing = 0;
			shellPath = /bin/sh;
			shellScript = "\"${SRCROOT}/Pods/Target Support Files/Pods-Breezy/Pods-Breezy-frameworks.sh\"\n";
			showEnvVarsInLog = 0;
		};
/* End PBXShellScriptBuildPhase section */

/* Begin PBXSourcesBuildPhase section */
		AAD3B6AB1BCCA08E008FBC01 /* Sources */ = {
			isa = PBXSourcesBuildPhase;
			buildActionMask = 2147483647;
			files = (
				AA0CA5411BD6F26700C643A9 /* PlaceLookupViewController.swift in Sources */,
				DEFB76461BD77F8C002AC372 /* Trip.swift in Sources */,
				AAADA9F31BD4261E00715557 /* PlacePredictionCell.swift in Sources */,
				CBAED3051BD1DCA8001993E3 /* TripsViewController.swift in Sources */,
				AAD3B6BB1BCCA08E008FBC01 /* Breezy.xcdatamodeld in Sources */,
				AA328DF31BD064AD00ECFAAC /* Credentials.swift in Sources */,
				CBE221B01BD755EF003652AB /* TodayViewController.swift in Sources */,
				AAACA1D41BD72FD8003E4BC6 /* SavedPlaceCell.swift in Sources */,
				CBAED3111BD1DFE8001993E3 /* AddTripCell.swift in Sources */,
				CB4EFDE41BDEFC0900C4AA24 /* TripDetailViewController.swift in Sources */,
				AAD3B6B31BCCA08E008FBC01 /* AppDelegate.swift in Sources */,
				DE35ABA61BD44C7400FD4035 /* User.swift in Sources */,
				CBAED2FF1BD1DC83001993E3 /* TripCell.swift in Sources */,
				CB12620B1BD45B2C00BA11A7 /* MapHelpers.swift in Sources */,
				DE35ABA41BD44C4800FD4035 /* Place.swift in Sources */,
				CB4EFDE71BDF01FA00C4AA24 /* WeatherDayCell.swift in Sources */,
				CBC73F021BDD9C21008BFCC9 /* Weather.swift in Sources */,
				AA570E451BD9B08B007F963B /* TodayViewCell.swift in Sources */,
				CBAED3091BD1DD01001993E3 /* NewTripViewController.swift in Sources */,
				CB59F9841BDC4986007A2FB1 /* DateHelpers.swift in Sources */,
				AA44AA291BDEA11100E898C8 /* WelcomeViewController.swift in Sources */,
			);
			runOnlyForDeploymentPostprocessing = 0;
		};
/* End PBXSourcesBuildPhase section */

/* Begin XCBuildConfiguration section */
		AAD3B6C21BCCA08E008FBC01 /* Debug */ = {
			isa = XCBuildConfiguration;
			buildSettings = {
				ALWAYS_SEARCH_USER_PATHS = NO;
				CLANG_CXX_LANGUAGE_STANDARD = "gnu++0x";
				CLANG_CXX_LIBRARY = "libc++";
				CLANG_ENABLE_MODULES = YES;
				CLANG_ENABLE_OBJC_ARC = YES;
				CLANG_WARN_BOOL_CONVERSION = YES;
				CLANG_WARN_CONSTANT_CONVERSION = YES;
				CLANG_WARN_DIRECT_OBJC_ISA_USAGE = YES_ERROR;
				CLANG_WARN_EMPTY_BODY = YES;
				CLANG_WARN_ENUM_CONVERSION = YES;
				CLANG_WARN_INT_CONVERSION = YES;
				CLANG_WARN_OBJC_ROOT_CLASS = YES_ERROR;
				CLANG_WARN_UNREACHABLE_CODE = YES;
				CLANG_WARN__DUPLICATE_METHOD_MATCH = YES;
				"CODE_SIGN_IDENTITY[sdk=iphoneos*]" = "iPhone Developer";
				COPY_PHASE_STRIP = NO;
				DEBUG_INFORMATION_FORMAT = dwarf;
				ENABLE_STRICT_OBJC_MSGSEND = YES;
				ENABLE_TESTABILITY = YES;
				GCC_C_LANGUAGE_STANDARD = gnu99;
				GCC_DYNAMIC_NO_PIC = NO;
				GCC_NO_COMMON_BLOCKS = YES;
				GCC_OPTIMIZATION_LEVEL = 0;
				GCC_PREPROCESSOR_DEFINITIONS = (
					"DEBUG=1",
					"$(inherited)",
				);
				GCC_WARN_64_TO_32_BIT_CONVERSION = YES;
				GCC_WARN_ABOUT_RETURN_TYPE = YES_ERROR;
				GCC_WARN_UNDECLARED_SELECTOR = YES;
				GCC_WARN_UNINITIALIZED_AUTOS = YES_AGGRESSIVE;
				GCC_WARN_UNUSED_FUNCTION = YES;
				GCC_WARN_UNUSED_VARIABLE = YES;
				IPHONEOS_DEPLOYMENT_TARGET = 9.0;
				MTL_ENABLE_DEBUG_INFO = YES;
				ONLY_ACTIVE_ARCH = YES;
				SDKROOT = iphoneos;
				SWIFT_OPTIMIZATION_LEVEL = "-Onone";
			};
			name = Debug;
		};
		AAD3B6C31BCCA08E008FBC01 /* Release */ = {
			isa = XCBuildConfiguration;
			buildSettings = {
				ALWAYS_SEARCH_USER_PATHS = NO;
				CLANG_CXX_LANGUAGE_STANDARD = "gnu++0x";
				CLANG_CXX_LIBRARY = "libc++";
				CLANG_ENABLE_MODULES = YES;
				CLANG_ENABLE_OBJC_ARC = YES;
				CLANG_WARN_BOOL_CONVERSION = YES;
				CLANG_WARN_CONSTANT_CONVERSION = YES;
				CLANG_WARN_DIRECT_OBJC_ISA_USAGE = YES_ERROR;
				CLANG_WARN_EMPTY_BODY = YES;
				CLANG_WARN_ENUM_CONVERSION = YES;
				CLANG_WARN_INT_CONVERSION = YES;
				CLANG_WARN_OBJC_ROOT_CLASS = YES_ERROR;
				CLANG_WARN_UNREACHABLE_CODE = YES;
				CLANG_WARN__DUPLICATE_METHOD_MATCH = YES;
				"CODE_SIGN_IDENTITY[sdk=iphoneos*]" = "iPhone Developer";
				COPY_PHASE_STRIP = NO;
				DEBUG_INFORMATION_FORMAT = "dwarf-with-dsym";
				ENABLE_NS_ASSERTIONS = NO;
				ENABLE_STRICT_OBJC_MSGSEND = YES;
				GCC_C_LANGUAGE_STANDARD = gnu99;
				GCC_NO_COMMON_BLOCKS = YES;
				GCC_WARN_64_TO_32_BIT_CONVERSION = YES;
				GCC_WARN_ABOUT_RETURN_TYPE = YES_ERROR;
				GCC_WARN_UNDECLARED_SELECTOR = YES;
				GCC_WARN_UNINITIALIZED_AUTOS = YES_AGGRESSIVE;
				GCC_WARN_UNUSED_FUNCTION = YES;
				GCC_WARN_UNUSED_VARIABLE = YES;
				IPHONEOS_DEPLOYMENT_TARGET = 9.0;
				MTL_ENABLE_DEBUG_INFO = NO;
				SDKROOT = iphoneos;
				VALIDATE_PRODUCT = YES;
			};
			name = Release;
		};
		AAD3B6C51BCCA08E008FBC01 /* Debug */ = {
			isa = XCBuildConfiguration;
			baseConfigurationReference = E6AFAE4023E97270ABAD6826 /* Pods-Breezy.debug.xcconfig */;
			buildSettings = {
				ASSETCATALOG_COMPILER_APPICON_NAME = AppIcon;
				CLANG_ENABLE_MODULES = YES;
				ENABLE_BITCODE = NO;
				INFOPLIST_FILE = Breezy/Info.plist;
				LD_RUNPATH_SEARCH_PATHS = "$(inherited) @executable_path/Frameworks";
				OTHER_LDFLAGS = (
					"$(inherited)",
					"-l\"c++\"",
					"-l\"icucore\"",
					"-l\"z\"",
					"-framework",
					"\"AFNetworking\"",
					"-framework",
					"\"AVFoundation\"",
					"-framework",
					"\"Accelerate\"",
					"-framework",
					"\"CoreBluetooth\"",
					"-framework",
					"\"CoreData\"",
					"-framework",
					"\"CoreGraphics\"",
					"-framework",
					"\"CoreLocation\"",
					"-framework",
					"\"CoreText\"",
					"-framework",
					"\"ForecastIOClient\"",
					"-framework",
					"\"GLKit\"",
					"-framework",
					"\"GoogleMaps\"",
					"-framework",
					"\"ImageIO\"",
					"-framework",
					"\"OpenGLES\"",
					"-framework",
					"\"QuartzCore\"",
					"-framework",
					"\"Security\"",
					"-framework",
					"\"SwiftyJSON\"",
					"-framework",
					"\"SystemConfiguration\"",
					"-ObjC",
				);
				PRODUCT_BUNDLE_IDENTIFIER = com.TeamNam.Breezy;
				PRODUCT_NAME = "$(TARGET_NAME)";
				SWIFT_OBJC_BRIDGING_HEADER = "Breezy/Breezy-Bridging-Header.h";
				SWIFT_OPTIMIZATION_LEVEL = "-Onone";
			};
			name = Debug;
		};
		AAD3B6C61BCCA08E008FBC01 /* Release */ = {
			isa = XCBuildConfiguration;
			baseConfigurationReference = FF2228CF0FF26FD09B6A4677 /* Pods-Breezy.release.xcconfig */;
			buildSettings = {
				ASSETCATALOG_COMPILER_APPICON_NAME = AppIcon;
				CLANG_ENABLE_MODULES = YES;
				ENABLE_BITCODE = NO;
				INFOPLIST_FILE = Breezy/Info.plist;
				LD_RUNPATH_SEARCH_PATHS = "$(inherited) @executable_path/Frameworks";
				OTHER_LDFLAGS = (
					"$(inherited)",
					"-l\"c++\"",
					"-l\"icucore\"",
					"-l\"z\"",
					"-framework",
					"\"AFNetworking\"",
					"-framework",
					"\"AVFoundation\"",
					"-framework",
					"\"Accelerate\"",
					"-framework",
					"\"CoreBluetooth\"",
					"-framework",
					"\"CoreData\"",
					"-framework",
					"\"CoreGraphics\"",
					"-framework",
					"\"CoreLocation\"",
					"-framework",
					"\"CoreText\"",
					"-framework",
					"\"ForecastIOClient\"",
					"-framework",
					"\"GLKit\"",
					"-framework",
					"\"GoogleMaps\"",
					"-framework",
					"\"ImageIO\"",
					"-framework",
					"\"OpenGLES\"",
					"-framework",
					"\"QuartzCore\"",
					"-framework",
					"\"Security\"",
					"-framework",
					"\"SwiftyJSON\"",
					"-framework",
					"\"SystemConfiguration\"",
					"-ObjC",
				);
				PRODUCT_BUNDLE_IDENTIFIER = com.TeamNam.Breezy;
				PRODUCT_NAME = "$(TARGET_NAME)";
				SWIFT_OBJC_BRIDGING_HEADER = "Breezy/Breezy-Bridging-Header.h";
			};
			name = Release;
		};
/* End XCBuildConfiguration section */

/* Begin XCConfigurationList section */
		AAD3B6AA1BCCA08E008FBC01 /* Build configuration list for PBXProject "Breezy" */ = {
			isa = XCConfigurationList;
			buildConfigurations = (
				AAD3B6C21BCCA08E008FBC01 /* Debug */,
				AAD3B6C31BCCA08E008FBC01 /* Release */,
			);
			defaultConfigurationIsVisible = 0;
			defaultConfigurationName = Release;
		};
		AAD3B6C41BCCA08E008FBC01 /* Build configuration list for PBXNativeTarget "Breezy" */ = {
			isa = XCConfigurationList;
			buildConfigurations = (
				AAD3B6C51BCCA08E008FBC01 /* Debug */,
				AAD3B6C61BCCA08E008FBC01 /* Release */,
			);
			defaultConfigurationIsVisible = 0;
			defaultConfigurationName = Release;
		};
/* End XCConfigurationList section */

/* Begin XCVersionGroup section */
		AAD3B6B91BCCA08E008FBC01 /* Breezy.xcdatamodeld */ = {
			isa = XCVersionGroup;
			children = (
				AAD3B6BA1BCCA08E008FBC01 /* Breezy.xcdatamodel */,
			);
			currentVersion = AAD3B6BA1BCCA08E008FBC01 /* Breezy.xcdatamodel */;
			path = Breezy.xcdatamodeld;
			sourceTree = "<group>";
			versionGroupType = wrapper.xcdatamodel;
		};
/* End XCVersionGroup section */
	};
	rootObject = AAD3B6A71BCCA08E008FBC01 /* Project object */;
}
